
Microsoft Visual Studio Solution File, Format Version 12.00
# Visual Studio 15
VisualStudioVersion = 15.0.28307.329
MinimumVisualStudioVersion = 10.0.40219.1
Project("{FAE04EC0-301F-11D3-BF4B-00C04F79EFBC}") = "WhatToDo", "WhatToDo\WhatToDo.csproj", "{20DF40D1-551D-483A-A824-06C52B57282B}"
EndProject
Global
	GlobalSection(SolutionConfigurationPlatforms) = preSolution
		Debug|Any CPU = Debug|Any CPU
		Release|Any CPU = Release|Any CPU
	EndGlobalSection
	GlobalSection(ProjectConfigurationPlatforms) = postSolution
		{20DF40D1-551D-483A-A824-06C52B57282B}.Debug|Any CPU.ActiveCfg = Debug|Any CPU
		{20DF40D1-551D-483A-A824-06C52B57282B}.Debug|Any CPU.Build.0 = Debug|Any CPU
		{20DF40D1-551D-483A-A824-06C52B57282B}.Release|Any CPU.ActiveCfg = Release|Any CPU
		{20DF40D1-551D-483A-A824-06C52B57282B}.Release|Any CPU.Build.0 = Release|Any CPU
	EndGlobalSection
	GlobalSection(SolutionProperties) = preSolution
		HideSolutionNode = FALSE
	EndGlobalSection
	GlobalSection(ExtensibilityGlobals) = postSolution
		SolutionGuid = {1C816745-DB8D-4ABA-8FED-A2DE96894FEE}
	EndGlobalSection
EndGlobal
